
Microsoft Visual Studio Solution File, Format Version 12.00
# Visual Studio Version 16
VisualStudioVersion = 16.0.31112.23
MinimumVisualStudioVersion = 10.0.40219.1
Project("{FAE04EC0-301F-11D3-BF4B-00C04F79EFBC}") = "OperatorExercise", "OperatorExercise\OperatorExercise.csproj", "{69B4B252-0A68-43A5-87C2-188F3EEFC127}"
EndProject
Global
	GlobalSection(SolutionConfigurationPlatforms) = preSolution
		Debug|Any CPU = Debug|Any CPU
		Release|Any CPU = Release|Any CPU
	EndGlobalSection
	GlobalSection(ProjectConfigurationPlatforms) = postSolution
		{69B4B252-0A68-43A5-87C2-188F3EEFC127}.Debug|Any CPU.ActiveCfg = Debug|Any CPU
		{69B4B252-0A68-43A5-87C2-188F3EEFC127}.Debug|Any CPU.Build.0 = Debug|Any CPU
		{69B4B252-0A68-43A5-87C2-188F3EEFC127}.Release|Any CPU.ActiveCfg = Release|Any CPU
		{69B4B252-0A68-43A5-87C2-188F3EEFC127}.Release|Any CPU.Build.0 = Release|Any CPU
	EndGlobalSection
	GlobalSection(SolutionProperties) = preSolution
		HideSolutionNode = FALSE
	EndGlobalSection
	GlobalSection(ExtensibilityGlobals) = postSolution
		SolutionGuid = {EC18A008-23DA-4D53-A499-C1A14520885F}
	EndGlobalSection
EndGlobal
